
Microsoft Visual Studio Solution File, Format Version 12.00
# Visual Studio Version 16
VisualStudioVersion = 16.0.31624.102
MinimumVisualStudioVersion = 10.0.40219.1
Project("{D954291E-2A0B-460D-934E-DC6B0785DB48}") = "JLabUNO.Shared", "JLabUNO\JLabUNO.Shared\JLabUNO.Shared.shproj", "{6279C845-92F8-4333-AB99-3D213163593C}"
EndProject
Project("{2150E333-8FDC-42A3-9474-1A3956D46DE8}") = "Platforms", "Platforms", "{785A5977-181C-4524-A573-FE31811C2BC4}"
EndProject
Project("{FAE04EC0-301F-11D3-BF4B-00C04F79EFBC}") = "JLabUNO.Droid", "JLabUNO\JLabUNO.Droid\JLabUNO.Droid.csproj", "{5FCEE199-2582-4682-A71C-D06DA9AC830E}"
EndProject
Project("{FAE04EC0-301F-11D3-BF4B-00C04F79EFBC}") = "JLabUNO.iOS", "JLabUNO\JLabUNO.iOS\JLabUNO.iOS.csproj", "{C32E37EF-DD78-4468-9F87-E00CD28342F8}"
EndProject
Project("{FAE04EC0-301F-11D3-BF4B-00C04F79EFBC}") = "JLabUNO.UWP", "JLabUNO\JLabUNO.UWP\JLabUNO.UWP.csproj", "{D1FEB3BD-96AD-4106-BCA8-91C933C67F13}"
EndProject
Project("{9A19103F-16F7-4668-BE54-9A1E7A4F7556}") = "JLabUNO.Wasm", "JLabUNO\JLabUNO.Wasm\JLabUNO.Wasm.csproj", "{8B7A1FC8-5803-4446-8CE8-2BC1CAA2EA4D}"
EndProject
Project("{FAE04EC0-301F-11D3-BF4B-00C04F79EFBC}") = "JLabUNO.macOS", "JLabUNO\JLabUNO.macOS\JLabUNO.macOS.csproj", "{FEFC50EC-DBDD-4309-B0FC-D1B37230ED74}"
EndProject
Project("{9A19103F-16F7-4668-BE54-9A1E7A4F7556}") = "JLabUNO.Skia.Wpf.Host", "JLabUNO\JLabUNO.Skia.Wpf.Host\JLabUNO.Skia.Wpf.Host.csproj", "{8C9EDEFF-BFCF-4C1E-B1B2-E2A89379EDFF}"
EndProject
Project("{9A19103F-16F7-4668-BE54-9A1E7A4F7556}") = "JLabUNO.Skia.Wpf", "JLabUNO\JLabUNO.Skia.Wpf\JLabUNO.Skia.Wpf.csproj", "{62B13E89-7F65-4168-AA8C-BD2E1571CA07}"
EndProject
Project("{9A19103F-16F7-4668-BE54-9A1E7A4F7556}") = "JLabUNO.Skia.Gtk", "JLabUNO\JLabUNO.Skia.Gtk\JLabUNO.Skia.Gtk.csproj", "{75D4987C-130B-43F0-A9EC-36971FDCD384}"
EndProject
Project("{9A19103F-16F7-4668-BE54-9A1E7A4F7556}") = "JLabUNO.Skia.Tizen", "JLabUNO\JLabUNO.Skia.Tizen\JLabUNO.Skia.Tizen.csproj", "{DA07FE32-5024-4A1C-858D-2541FFCF2BAE}"
EndProject
Project("{9A19103F-16F7-4668-BE54-9A1E7A4F7556}") = "JLabUNO.Api", "JLabUNO\JLabUNO.Api\JLabUNO.Api.csproj", "{B95C4D88-9823-4CF6-87E1-56AAE9621C09}"
EndProject
Global
	GlobalSection(SharedMSBuildProjectFiles) = preSolution
		JLabUNO\JLabUNO.Shared\JLabUNO.Shared.projitems*{5fcee199-2582-4682-a71c-d06da9ac830e}*SharedItemsImports = 4
		JLabUNO\JLabUNO.Shared\JLabUNO.Shared.projitems*{6279c845-92f8-4333-ab99-3d213163593c}*SharedItemsImports = 13
		JLabUNO\JLabUNO.Shared\JLabUNO.Shared.projitems*{62b13e89-7f65-4168-aa8c-bd2e1571ca07}*SharedItemsImports = 5
		JLabUNO\JLabUNO.Shared\JLabUNO.Shared.projitems*{75d4987c-130b-43f0-a9ec-36971fdcd384}*SharedItemsImports = 5
		JLabUNO\JLabUNO.Shared\JLabUNO.Shared.projitems*{8b7a1fc8-5803-4446-8ce8-2bc1caa2ea4d}*SharedItemsImports = 5
		JLabUNO\JLabUNO.Shared\JLabUNO.Shared.projitems*{c32e37ef-dd78-4468-9f87-e00cd28342f8}*SharedItemsImports = 4
		JLabUNO\JLabUNO.Shared\JLabUNO.Shared.projitems*{d1feb3bd-96ad-4106-bca8-91c933c67f13}*SharedItemsImports = 4
		JLabUNO\JLabUNO.Shared\JLabUNO.Shared.projitems*{da07fe32-5024-4a1c-858d-2541ffcf2bae}*SharedItemsImports = 5
		JLabUNO\JLabUNO.Shared\JLabUNO.Shared.projitems*{fefc50ec-dbdd-4309-b0fc-d1b37230ed74}*SharedItemsImports = 4
	EndGlobalSection
	GlobalSection(SolutionConfigurationPlatforms) = preSolution
		Ad-Hoc|Any CPU = Ad-Hoc|Any CPU
		Ad-Hoc|ARM = Ad-Hoc|ARM
		Ad-Hoc|ARM64 = Ad-Hoc|ARM64
		Ad-Hoc|iPhone = Ad-Hoc|iPhone
		Ad-Hoc|iPhoneSimulator = Ad-Hoc|iPhoneSimulator
		Ad-Hoc|x64 = Ad-Hoc|x64
		Ad-Hoc|x86 = Ad-Hoc|x86
		AppStore|Any CPU = AppStore|Any CPU
		AppStore|ARM = AppStore|ARM
		AppStore|ARM64 = AppStore|ARM64
		AppStore|iPhone = AppStore|iPhone
		AppStore|iPhoneSimulator = AppStore|iPhoneSimulator
		AppStore|x64 = AppStore|x64
		AppStore|x86 = AppStore|x86
		Debug|Any CPU = Debug|Any CPU
		Debug|ARM = Debug|ARM
		Debug|ARM64 = Debug|ARM64
		Debug|iPhone = Debug|iPhone
		Debug|iPhoneSimulator = Debug|iPhoneSimulator
		Debug|x64 = Debug|x64
		Debug|x86 = Debug|x86
		Release|Any CPU = Release|Any CPU
		Release|ARM = Release|ARM
		Release|ARM64 = Release|ARM64
		Release|iPhone = Release|iPhone
		Release|iPhoneSimulator = Release|iPhoneSimulator
		Release|x64 = Release|x64
		Release|x86 = Release|x86
	EndGlobalSection
	GlobalSection(ProjectConfigurationPlatforms) = postSolution
		{5FCEE199-2582-4682-A71C-D06DA9AC830E}.Ad-Hoc|Any CPU.ActiveCfg = Debug|Any CPU
		{5FCEE199-2582-4682-A71C-D06DA9AC830E}.Ad-Hoc|Any CPU.Build.0 = Debug|Any CPU
		{5FCEE199-2582-4682-A71C-D06DA9AC830E}.Ad-Hoc|Any CPU.Deploy.0 = Debug|Any CPU
		{5FCEE199-2582-4682-A71C-D06DA9AC830E}.Ad-Hoc|ARM.ActiveCfg = Debug|Any CPU
		{5FCEE199-2582-4682-A71C-D06DA9AC830E}.Ad-Hoc|ARM.Build.0 = Debug|Any CPU
		{5FCEE199-2582-4682-A71C-D06DA9AC830E}.Ad-Hoc|ARM.Deploy.0 = Debug|Any CPU
		{5FCEE199-2582-4682-A71C-D06DA9AC830E}.Ad-Hoc|ARM64.ActiveCfg = Debug|Any CPU
		{5FCEE199-2582-4682-A71C-D06DA9AC830E}.Ad-Hoc|ARM64.Build.0 = Debug|Any CPU
		{5FCEE199-2582-4682-A71C-D06DA9AC830E}.Ad-Hoc|ARM64.Deploy.0 = Debug|Any CPU
		{5FCEE199-2582-4682-A71C-D06DA9AC830E}.Ad-Hoc|iPhone.ActiveCfg = Debug|Any CPU
		{5FCEE199-2582-4682-A71C-D06DA9AC830E}.Ad-Hoc|iPhone.Build.0 = Debug|Any CPU
		{5FCEE199-2582-4682-A71C-D06DA9AC830E}.Ad-Hoc|iPhone.Deploy.0 = Debug|Any CPU
		{5FCEE199-2582-4682-A71C-D06DA9AC830E}.Ad-Hoc|iPhoneSimulator.ActiveCfg = Debug|Any CPU
		{5FCEE199-2582-4682-A71C-D06DA9AC830E}.Ad-Hoc|iPhoneSimulator.Build.0 = Debug|Any CPU
		{5FCEE199-2582-4682-A71C-D06DA9AC830E}.Ad-Hoc|iPhoneSimulator.Deploy.0 = Debug|Any CPU
		{5FCEE199-2582-4682-A71C-D06DA9AC830E}.Ad-Hoc|x64.ActiveCfg = Debug|Any CPU
		{5FCEE199-2582-4682-A71C-D06DA9AC830E}.Ad-Hoc|x64.Build.0 = Debug|Any CPU
		{5FCEE199-2582-4682-A71C-D06DA9AC830E}.Ad-Hoc|x64.Deploy.0 = Debug|Any CPU
		{5FCEE199-2582-4682-A71C-D06DA9AC830E}.Ad-Hoc|x86.ActiveCfg = Debug|Any CPU
		{5FCEE199-2582-4682-A71C-D06DA9AC830E}.Ad-Hoc|x86.Build.0 = Debug|Any CPU
		{5FCEE199-2582-4682-A71C-D06DA9AC830E}.Ad-Hoc|x86.Deploy.0 = Debug|Any CPU
		{5FCEE199-2582-4682-A71C-D06DA9AC830E}.AppStore|Any CPU.ActiveCfg = Debug|Any CPU
		{5FCEE199-2582-4682-A71C-D06DA9AC830E}.AppStore|Any CPU.Build.0 = Debug|Any CPU
		{5FCEE199-2582-4682-A71C-D06DA9AC830E}.AppStore|Any CPU.Deploy.0 = Debug|Any CPU
		{5FCEE199-2582-4682-A71C-D06DA9AC830E}.AppStore|ARM.ActiveCfg = Debug|Any CPU
		{5FCEE199-2582-4682-A71C-D06DA9AC830E}.AppStore|ARM.Build.0 = Debug|Any CPU
		{5FCEE199-2582-4682-A71C-D06DA9AC830E}.AppStore|ARM.Deploy.0 = Debug|Any CPU
		{5FCEE199-2582-4682-A71C-D06DA9AC830E}.AppStore|ARM64.ActiveCfg = Debug|Any CPU
		{5FCEE199-2582-4682-A71C-D06DA9AC830E}.AppStore|ARM64.Build.0 = Debug|Any CPU
		{5FCEE199-2582-4682-A71C-D06DA9AC830E}.AppStore|ARM64.Deploy.0 = Debug|Any CPU
		{5FCEE199-2582-4682-A71C-D06DA9AC830E}.AppStore|iPhone.ActiveCfg = Debug|Any CPU
		{5FCEE199-2582-4682-A71C-D06DA9AC830E}.AppStore|iPhone.Build.0 = Debug|Any CPU
		{5FCEE199-2582-4682-A71C-D06DA9AC830E}.AppStore|iPhone.Deploy.0 = Debug|Any CPU
		{5FCEE199-2582-4682-A71C-D06DA9AC830E}.AppStore|iPhoneSimulator.ActiveCfg = Debug|Any CPU
		{5FCEE199-2582-4682-A71C-D06DA9AC830E}.AppStore|iPhoneSimulator.Build.0 = Debug|Any CPU
		{5FCEE199-2582-4682-A71C-D06DA9AC830E}.AppStore|iPhoneSimulator.Deploy.0 = Debug|Any CPU
		{5FCEE199-2582-4682-A71C-D06DA9AC830E}.AppStore|x64.ActiveCfg = Debug|Any CPU
		{5FCEE199-2582-4682-A71C-D06DA9AC830E}.AppStore|x64.Build.0 = Debug|Any CPU
		{5FCEE199-2582-4682-A71C-D06DA9AC830E}.AppStore|x64.Deploy.0 = Debug|Any CPU
		{5FCEE199-2582-4682-A71C-D06DA9AC830E}.AppStore|x86.ActiveCfg = Debug|Any CPU
		{5FCEE199-2582-4682-A71C-D06DA9AC830E}.AppStore|x86.Build.0 = Debug|Any CPU
		{5FCEE199-2582-4682-A71C-D06DA9AC830E}.AppStore|x86.Deploy.0 = Debug|Any CPU
		{5FCEE199-2582-4682-A71C-D06DA9AC830E}.Debug|Any CPU.ActiveCfg = Debug|Any CPU
		{5FCEE199-2582-4682-A71C-D06DA9AC830E}.Debug|Any CPU.Build.0 = Debug|Any CPU
		{5FCEE199-2582-4682-A71C-D06DA9AC830E}.Debug|Any CPU.Deploy.0 = Debug|Any CPU
		{5FCEE199-2582-4682-A71C-D06DA9AC830E}.Debug|ARM.ActiveCfg = Debug|Any CPU
		{5FCEE199-2582-4682-A71C-D06DA9AC830E}.Debug|ARM.Build.0 = Debug|Any CPU
		{5FCEE199-2582-4682-A71C-D06DA9AC830E}.Debug|ARM.Deploy.0 = Debug|Any CPU
		{5FCEE199-2582-4682-A71C-D06DA9AC830E}.Debug|ARM64.ActiveCfg = Debug|Any CPU
		{5FCEE199-2582-4682-A71C-D06DA9AC830E}.Debug|ARM64.Build.0 = Debug|Any CPU
		{5FCEE199-2582-4682-A71C-D06DA9AC830E}.Debug|ARM64.Deploy.0 = Debug|Any CPU
		{5FCEE199-2582-4682-A71C-D06DA9AC830E}.Debug|iPhone.ActiveCfg = Debug|Any CPU
		{5FCEE199-2582-4682-A71C-D06DA9AC830E}.Debug|iPhone.Build.0 = Debug|Any CPU
		{5FCEE199-2582-4682-A71C-D06DA9AC830E}.Debug|iPhone.Deploy.0 = Debug|Any CPU
		{5FCEE199-2582-4682-A71C-D06DA9AC830E}.Debug|iPhoneSimulator.ActiveCfg = Debug|Any CPU
		{5FCEE199-2582-4682-A71C-D06DA9AC830E}.Debug|iPhoneSimulator.Build.0 = Debug|Any CPU
		{5FCEE199-2582-4682-A71C-D06DA9AC830E}.Debug|iPhoneSimulator.Deploy.0 = Debug|Any CPU
		{5FCEE199-2582-4682-A71C-D06DA9AC830E}.Debug|x64.ActiveCfg = Debug|Any CPU
		{5FCEE199-2582-4682-A71C-D06DA9AC830E}.Debug|x64.Build.0 = Debug|Any CPU
		{5FCEE199-2582-4682-A71C-D06DA9AC830E}.Debug|x64.Deploy.0 = Debug|Any CPU
		{5FCEE199-2582-4682-A71C-D06DA9AC830E}.Debug|x86.ActiveCfg = Debug|Any CPU
		{5FCEE199-2582-4682-A71C-D06DA9AC830E}.Debug|x86.Build.0 = Debug|Any CPU
		{5FCEE199-2582-4682-A71C-D06DA9AC830E}.Debug|x86.Deploy.0 = Debug|Any CPU
		{5FCEE199-2582-4682-A71C-D06DA9AC830E}.Release|Any CPU.ActiveCfg = Release|Any CPU
		{5FCEE199-2582-4682-A71C-D06DA9AC830E}.Release|Any CPU.Build.0 = Release|Any CPU
		{5FCEE199-2582-4682-A71C-D06DA9AC830E}.Release|Any CPU.Deploy.0 = Release|Any CPU
		{5FCEE199-2582-4682-A71C-D06DA9AC830E}.Release|ARM.ActiveCfg = Release|Any CPU
		{5FCEE199-2582-4682-A71C-D06DA9AC830E}.Release|ARM.Build.0 = Release|Any CPU
		{5FCEE199-2582-4682-A71C-D06DA9AC830E}.Release|ARM.Deploy.0 = Release|Any CPU
		{5FCEE199-2582-4682-A71C-D06DA9AC830E}.Release|ARM64.ActiveCfg = Release|Any CPU
		{5FCEE199-2582-4682-A71C-D06DA9AC830E}.Release|ARM64.Build.0 = Release|Any CPU
		{5FCEE199-2582-4682-A71C-D06DA9AC830E}.Release|ARM64.Deploy.0 = Release|Any CPU
		{5FCEE199-2582-4682-A71C-D06DA9AC830E}.Release|iPhone.ActiveCfg = Release|Any CPU
		{5FCEE199-2582-4682-A71C-D06DA9AC830E}.Release|iPhone.Build.0 = Release|Any CPU
		{5FCEE199-2582-4682-A71C-D06DA9AC830E}.Release|iPhone.Deploy.0 = Release|Any CPU
		{5FCEE199-2582-4682-A71C-D06DA9AC830E}.Release|iPhoneSimulator.ActiveCfg = Release|Any CPU
		{5FCEE199-2582-4682-A71C-D06DA9AC830E}.Release|iPhoneSimulator.Build.0 = Release|Any CPU
		{5FCEE199-2582-4682-A71C-D06DA9AC830E}.Release|iPhoneSimulator.Deploy.0 = Release|Any CPU
		{5FCEE199-2582-4682-A71C-D06DA9AC830E}.Release|x64.ActiveCfg = Release|Any CPU
		{5FCEE199-2582-4682-A71C-D06DA9AC830E}.Release|x64.Build.0 = Release|Any CPU
		{5FCEE199-2582-4682-A71C-D06DA9AC830E}.Release|x64.Deploy.0 = Release|Any CPU
		{5FCEE199-2582-4682-A71C-D06DA9AC830E}.Release|x86.ActiveCfg = Release|Any CPU
		{5FCEE199-2582-4682-A71C-D06DA9AC830E}.Release|x86.Build.0 = Release|Any CPU
		{5FCEE199-2582-4682-A71C-D06DA9AC830E}.Release|x86.Deploy.0 = Release|Any CPU
		{C32E37EF-DD78-4468-9F87-E00CD28342F8}.Ad-Hoc|Any CPU.ActiveCfg = Ad-Hoc|iPhoneSimulator
		{C32E37EF-DD78-4468-9F87-E00CD28342F8}.Ad-Hoc|ARM.ActiveCfg = Ad-Hoc|iPhoneSimulator
		{C32E37EF-DD78-4468-9F87-E00CD28342F8}.Ad-Hoc|ARM64.ActiveCfg = Ad-Hoc|iPhoneSimulator
		{C32E37EF-DD78-4468-9F87-E00CD28342F8}.Ad-Hoc|iPhone.ActiveCfg = Ad-Hoc|iPhone
		{C32E37EF-DD78-4468-9F87-E00CD28342F8}.Ad-Hoc|iPhone.Build.0 = Ad-Hoc|iPhone
		{C32E37EF-DD78-4468-9F87-E00CD28342F8}.Ad-Hoc|iPhoneSimulator.ActiveCfg = Ad-Hoc|iPhoneSimulator
		{C32E37EF-DD78-4468-9F87-E00CD28342F8}.Ad-Hoc|iPhoneSimulator.Build.0 = Ad-Hoc|iPhoneSimulator
		{C32E37EF-DD78-4468-9F87-E00CD28342F8}.Ad-Hoc|x64.ActiveCfg = Ad-Hoc|iPhoneSimulator
		{C32E37EF-DD78-4468-9F87-E00CD28342F8}.Ad-Hoc|x86.ActiveCfg = Ad-Hoc|iPhoneSimulator
		{C32E37EF-DD78-4468-9F87-E00CD28342F8}.AppStore|Any CPU.ActiveCfg = AppStore|iPhoneSimulator
		{C32E37EF-DD78-4468-9F87-E00CD28342F8}.AppStore|ARM.ActiveCfg = AppStore|iPhoneSimulator
		{C32E37EF-DD78-4468-9F87-E00CD28342F8}.AppStore|ARM64.ActiveCfg = AppStore|iPhoneSimulator
		{C32E37EF-DD78-4468-9F87-E00CD28342F8}.AppStore|iPhone.ActiveCfg = AppStore|iPhone
		{C32E37EF-DD78-4468-9F87-E00CD28342F8}.AppStore|iPhone.Build.0 = AppStore|iPhone
		{C32E37EF-DD78-4468-9F87-E00CD28342F8}.AppStore|iPhoneSimulator.ActiveCfg = AppStore|iPhoneSimulator
		{C32E37EF-DD78-4468-9F87-E00CD28342F8}.AppStore|iPhoneSimulator.Build.0 = AppStore|iPhoneSimulator
		{C32E37EF-DD78-4468-9F87-E00CD28342F8}.AppStore|x64.ActiveCfg = AppStore|iPhoneSimulator
		{C32E37EF-DD78-4468-9F87-E00CD28342F8}.AppStore|x86.ActiveCfg = AppStore|iPhoneSimulator
		{C32E37EF-DD78-4468-9F87-E00CD28342F8}.Debug|Any CPU.ActiveCfg = Debug|iPhoneSimulator
		{C32E37EF-DD78-4468-9F87-E00CD28342F8}.Debug|ARM.ActiveCfg = Debug|iPhoneSimulator
		{C32E37EF-DD78-4468-9F87-E00CD28342F8}.Debug|ARM64.ActiveCfg = Debug|iPhoneSimulator
		{C32E37EF-DD78-4468-9F87-E00CD28342F8}.Debug|iPhone.ActiveCfg = Debug|iPhone
		{C32E37EF-DD78-4468-9F87-E00CD28342F8}.Debug|iPhone.Build.0 = Debug|iPhone
		{C32E37EF-DD78-4468-9F87-E00CD28342F8}.Debug|iPhoneSimulator.ActiveCfg = Debug|iPhoneSimulator
		{C32E37EF-DD78-4468-9F87-E00CD28342F8}.Debug|iPhoneSimulator.Build.0 = Debug|iPhoneSimulator
		{C32E37EF-DD78-4468-9F87-E00CD28342F8}.Debug|x64.ActiveCfg = Debug|iPhoneSimulator
		{C32E37EF-DD78-4468-9F87-E00CD28342F8}.Debug|x86.ActiveCfg = Debug|iPhoneSimulator
		{C32E37EF-DD78-4468-9F87-E00CD28342F8}.Debug|x86.Build.0 = Debug|iPhoneSimulator
		{C32E37EF-DD78-4468-9F87-E00CD28342F8}.Release|Any CPU.ActiveCfg = Release|iPhoneSimulator
		{C32E37EF-DD78-4468-9F87-E00CD28342F8}.Release|ARM.ActiveCfg = Release|iPhoneSimulator
		{C32E37EF-DD78-4468-9F87-E00CD28342F8}.Release|ARM64.ActiveCfg = Release|iPhoneSimulator
		{C32E37EF-DD78-4468-9F87-E00CD28342F8}.Release|iPhone.ActiveCfg = Release|iPhone
		{C32E37EF-DD78-4468-9F87-E00CD28342F8}.Release|iPhone.Build.0 = Release|iPhone
		{C32E37EF-DD78-4468-9F87-E00CD28342F8}.Release|iPhoneSimulator.ActiveCfg = Release|iPhoneSimulator
		{C32E37EF-DD78-4468-9F87-E00CD28342F8}.Release|iPhoneSimulator.Build.0 = Release|iPhoneSimulator
		{C32E37EF-DD78-4468-9F87-E00CD28342F8}.Release|x64.ActiveCfg = Release|iPhoneSimulator
		{C32E37EF-DD78-4468-9F87-E00CD28342F8}.Release|x86.ActiveCfg = Release|iPhoneSimulator
		{D1FEB3BD-96AD-4106-BCA8-91C933C67F13}.Ad-Hoc|Any CPU.ActiveCfg = Debug|x86
		{D1FEB3BD-96AD-4106-BCA8-91C933C67F13}.Ad-Hoc|Any CPU.Build.0 = Debug|x86
		{D1FEB3BD-96AD-4106-BCA8-91C933C67F13}.Ad-Hoc|Any CPU.Deploy.0 = Debug|x86
		{D1FEB3BD-96AD-4106-BCA8-91C933C67F13}.Ad-Hoc|ARM.ActiveCfg = Debug|ARM
		{D1FEB3BD-96AD-4106-BCA8-91C933C67F13}.Ad-Hoc|ARM.Build.0 = Debug|ARM
		{D1FEB3BD-96AD-4106-BCA8-91C933C67F13}.Ad-Hoc|ARM.Deploy.0 = Debug|ARM
		{D1FEB3BD-96AD-4106-BCA8-91C933C67F13}.Ad-Hoc|ARM64.ActiveCfg = Debug|ARM64
		{D1FEB3BD-96AD-4106-BCA8-91C933C67F13}.Ad-Hoc|ARM64.Build.0 = Debug|ARM64
		{D1FEB3BD-96AD-4106-BCA8-91C933C67F13}.Ad-Hoc|ARM64.Deploy.0 = Debug|ARM64
		{D1FEB3BD-96AD-4106-BCA8-91C933C67F13}.Ad-Hoc|iPhone.ActiveCfg = Debug|x86
		{D1FEB3BD-96AD-4106-BCA8-91C933C67F13}.Ad-Hoc|iPhone.Build.0 = Debug|x86
		{D1FEB3BD-96AD-4106-BCA8-91C933C67F13}.Ad-Hoc|iPhone.Deploy.0 = Debug|x86
		{D1FEB3BD-96AD-4106-BCA8-91C933C67F13}.Ad-Hoc|iPhoneSimulator.ActiveCfg = Debug|x86
		{D1FEB3BD-96AD-4106-BCA8-91C933C67F13}.Ad-Hoc|iPhoneSimulator.Build.0 = Debug|x86
		{D1FEB3BD-96AD-4106-BCA8-91C933C67F13}.Ad-Hoc|iPhoneSimulator.Deploy.0 = Debug|x86
		{D1FEB3BD-96AD-4106-BCA8-91C933C67F13}.Ad-Hoc|x64.ActiveCfg = Debug|x64
		{D1FEB3BD-96AD-4106-BCA8-91C933C67F13}.Ad-Hoc|x64.Build.0 = Debug|x64
		{D1FEB3BD-96AD-4106-BCA8-91C933C67F13}.Ad-Hoc|x64.Deploy.0 = Debug|x64
		{D1FEB3BD-96AD-4106-BCA8-91C933C67F13}.Ad-Hoc|x86.ActiveCfg = Debug|x86
		{D1FEB3BD-96AD-4106-BCA8-91C933C67F13}.Ad-Hoc|x86.Build.0 = Debug|x86
		{D1FEB3BD-96AD-4106-BCA8-91C933C67F13}.Ad-Hoc|x86.Deploy.0 = Debug|x86
		{D1FEB3BD-96AD-4106-BCA8-91C933C67F13}.AppStore|Any CPU.ActiveCfg = Debug|x86
		{D1FEB3BD-96AD-4106-BCA8-91C933C67F13}.AppStore|Any CPU.Build.0 = Debug|x86
		{D1FEB3BD-96AD-4106-BCA8-91C933C67F13}.AppStore|Any CPU.Deploy.0 = Debug|x86
		{D1FEB3BD-96AD-4106-BCA8-91C933C67F13}.AppStore|ARM.ActiveCfg = Debug|ARM
		{D1FEB3BD-96AD-4106-BCA8-91C933C67F13}.AppStore|ARM.Build.0 = Debug|ARM
		{D1FEB3BD-96AD-4106-BCA8-91C933C67F13}.AppStore|ARM.Deploy.0 = Debug|ARM
		{D1FEB3BD-96AD-4106-BCA8-91C933C67F13}.AppStore|ARM64.ActiveCfg = Debug|ARM64
		{D1FEB3BD-96AD-4106-BCA8-91C933C67F13}.AppStore|ARM64.Build.0 = Debug|ARM64
		{D1FEB3BD-96AD-4106-BCA8-91C933C67F13}.AppStore|ARM64.Deploy.0 = Debug|ARM64
		{D1FEB3BD-96AD-4106-BCA8-91C933C67F13}.AppStore|iPhone.ActiveCfg = Debug|x86
		{D1FEB3BD-96AD-4106-BCA8-91C933C67F13}.AppStore|iPhone.Build.0 = Debug|x86
		{D1FEB3BD-96AD-4106-BCA8-91C933C67F13}.AppStore|iPhone.Deploy.0 = Debug|x86
		{D1FEB3BD-96AD-4106-BCA8-91C933C67F13}.AppStore|iPhoneSimulator.ActiveCfg = Debug|x86
		{D1FEB3BD-96AD-4106-BCA8-91C933C67F13}.AppStore|iPhoneSimulator.Build.0 = Debug|x86
		{D1FEB3BD-96AD-4106-BCA8-91C933C67F13}.AppStore|iPhoneSimulator.Deploy.0 = Debug|x86
		{D1FEB3BD-96AD-4106-BCA8-91C933C67F13}.AppStore|x64.ActiveCfg = Debug|x64
		{D1FEB3BD-96AD-4106-BCA8-91C933C67F13}.AppStore|x64.Build.0 = Debug|x64
		{D1FEB3BD-96AD-4106-BCA8-91C933C67F13}.AppStore|x64.Deploy.0 = Debug|x64
		{D1FEB3BD-96AD-4106-BCA8-91C933C67F13}.AppStore|x86.ActiveCfg = Debug|x86
		{D1FEB3BD-96AD-4106-BCA8-91C933C67F13}.AppStore|x86.Build.0 = Debug|x86
		{D1FEB3BD-96AD-4106-BCA8-91C933C67F13}.AppStore|x86.Deploy.0 = Debug|x86
		{D1FEB3BD-96AD-4106-BCA8-91C933C67F13}.Debug|Any CPU.ActiveCfg = Debug|x86
		{D1FEB3BD-96AD-4106-BCA8-91C933C67F13}.Debug|Any CPU.Build.0 = Debug|x86
		{D1FEB3BD-96AD-4106-BCA8-91C933C67F13}.Debug|Any CPU.Deploy.0 = Debug|x86
		{D1FEB3BD-96AD-4106-BCA8-91C933C67F13}.Debug|ARM.ActiveCfg = Debug|ARM
		{D1FEB3BD-96AD-4106-BCA8-91C933C67F13}.Debug|ARM.Build.0 = Debug|ARM
		{D1FEB3BD-96AD-4106-BCA8-91C933C67F13}.Debug|ARM.Deploy.0 = Debug|ARM
		{D1FEB3BD-96AD-4106-BCA8-91C933C67F13}.Debug|ARM64.ActiveCfg = Debug|ARM64
		{D1FEB3BD-96AD-4106-BCA8-91C933C67F13}.Debug|ARM64.Build.0 = Debug|ARM64
		{D1FEB3BD-96AD-4106-BCA8-91C933C67F13}.Debug|ARM64.Deploy.0 = Debug|ARM64
		{D1FEB3BD-96AD-4106-BCA8-91C933C67F13}.Debug|iPhone.ActiveCfg = Debug|x86
		{D1FEB3BD-96AD-4106-BCA8-91C933C67F13}.Debug|iPhoneSimulator.ActiveCfg = Debug|x86
		{D1FEB3BD-96AD-4106-BCA8-91C933C67F13}.Debug|x64.ActiveCfg = Debug|x64
		{D1FEB3BD-96AD-4106-BCA8-91C933C67F13}.Debug|x64.Build.0 = Debug|x64
		{D1FEB3BD-96AD-4106-BCA8-91C933C67F13}.Debug|x64.Deploy.0 = Debug|x64
		{D1FEB3BD-96AD-4106-BCA8-91C933C67F13}.Debug|x86.ActiveCfg = Debug|x86
		{D1FEB3BD-96AD-4106-BCA8-91C933C67F13}.Debug|x86.Build.0 = Debug|x86
		{D1FEB3BD-96AD-4106-BCA8-91C933C67F13}.Debug|x86.Deploy.0 = Debug|x86
		{D1FEB3BD-96AD-4106-BCA8-91C933C67F13}.Release|Any CPU.ActiveCfg = Release|x86
		{D1FEB3BD-96AD-4106-BCA8-91C933C67F13}.Release|ARM.ActiveCfg = Release|ARM
		{D1FEB3BD-96AD-4106-BCA8-91C933C67F13}.Release|ARM.Build.0 = Release|ARM
		{D1FEB3BD-96AD-4106-BCA8-91C933C67F13}.Release|ARM.Deploy.0 = Release|ARM
		{D1FEB3BD-96AD-4106-BCA8-91C933C67F13}.Release|ARM64.ActiveCfg = Release|ARM64
		{D1FEB3BD-96AD-4106-BCA8-91C933C67F13}.Release|ARM64.Build.0 = Release|ARM64
		{D1FEB3BD-96AD-4106-BCA8-91C933C67F13}.Release|ARM64.Deploy.0 = Release|ARM64
		{D1FEB3BD-96AD-4106-BCA8-91C933C67F13}.Release|iPhone.ActiveCfg = Release|x86
		{D1FEB3BD-96AD-4106-BCA8-91C933C67F13}.Release|iPhoneSimulator.ActiveCfg = Release|x86
		{D1FEB3BD-96AD-4106-BCA8-91C933C67F13}.Release|x64.ActiveCfg = Release|x64
		{D1FEB3BD-96AD-4106-BCA8-91C933C67F13}.Release|x64.Build.0 = Release|x64
		{D1FEB3BD-96AD-4106-BCA8-91C933C67F13}.Release|x64.Deploy.0 = Release|x64
		{D1FEB3BD-96AD-4106-BCA8-91C933C67F13}.Release|x86.ActiveCfg = Release|x86
		{D1FEB3BD-96AD-4106-BCA8-91C933C67F13}.Release|x86.Build.0 = Release|x86
		{D1FEB3BD-96AD-4106-BCA8-91C933C67F13}.Release|x86.Deploy.0 = Release|x86
		{8B7A1FC8-5803-4446-8CE8-2BC1CAA2EA4D}.Ad-Hoc|Any CPU.ActiveCfg = Debug|Any CPU
		{8B7A1FC8-5803-4446-8CE8-2BC1CAA2EA4D}.Ad-Hoc|Any CPU.Build.0 = Debug|Any CPU
		{8B7A1FC8-5803-4446-8CE8-2BC1CAA2EA4D}.Ad-Hoc|ARM.ActiveCfg = Debug|Any CPU
		{8B7A1FC8-5803-4446-8CE8-2BC1CAA2EA4D}.Ad-Hoc|ARM.Build.0 = Debug|Any CPU
		{8B7A1FC8-5803-4446-8CE8-2BC1CAA2EA4D}.Ad-Hoc|ARM64.ActiveCfg = Debug|Any CPU
		{8B7A1FC8-5803-4446-8CE8-2BC1CAA2EA4D}.Ad-Hoc|ARM64.Build.0 = Debug|Any CPU
		{8B7A1FC8-5803-4446-8CE8-2BC1CAA2EA4D}.Ad-Hoc|iPhone.ActiveCfg = Debug|Any CPU
		{8B7A1FC8-5803-4446-8CE8-2BC1CAA2EA4D}.Ad-Hoc|iPhone.Build.0 = Debug|Any CPU
		{8B7A1FC8-5803-4446-8CE8-2BC1CAA2EA4D}.Ad-Hoc|iPhoneSimulator.ActiveCfg = Debug|Any CPU
		{8B7A1FC8-5803-4446-8CE8-2BC1CAA2EA4D}.Ad-Hoc|iPhoneSimulator.Build.0 = Debug|Any CPU
		{8B7A1FC8-5803-4446-8CE8-2BC1CAA2EA4D}.Ad-Hoc|x64.ActiveCfg = Debug|Any CPU
		{8B7A1FC8-5803-4446-8CE8-2BC1CAA2EA4D}.Ad-Hoc|x64.Build.0 = Debug|Any CPU
		{8B7A1FC8-5803-4446-8CE8-2BC1CAA2EA4D}.Ad-Hoc|x86.ActiveCfg = Debug|Any CPU
		{8B7A1FC8-5803-4446-8CE8-2BC1CAA2EA4D}.Ad-Hoc|x86.Build.0 = Debug|Any CPU
		{8B7A1FC8-5803-4446-8CE8-2BC1CAA2EA4D}.AppStore|Any CPU.ActiveCfg = Debug|Any CPU
		{8B7A1FC8-5803-4446-8CE8-2BC1CAA2EA4D}.AppStore|Any CPU.Build.0 = Debug|Any CPU
		{8B7A1FC8-5803-4446-8CE8-2BC1CAA2EA4D}.AppStore|ARM.ActiveCfg = Debug|Any CPU
		{8B7A1FC8-5803-4446-8CE8-2BC1CAA2EA4D}.AppStore|ARM.Build.0 = Debug|Any CPU
		{8B7A1FC8-5803-4446-8CE8-2BC1CAA2EA4D}.AppStore|ARM64.ActiveCfg = Debug|Any CPU
		{8B7A1FC8-5803-4446-8CE8-2BC1CAA2EA4D}.AppStore|ARM64.Build.0 = Debug|Any CPU
		{8B7A1FC8-5803-4446-8CE8-2BC1CAA2EA4D}.AppStore|iPhone.ActiveCfg = Debug|Any CPU
		{8B7A1FC8-5803-4446-8CE8-2BC1CAA2EA4D}.AppStore|iPhone.Build.0 = Debug|Any CPU
		{8B7A1FC8-5803-4446-8CE8-2BC1CAA2EA4D}.AppStore|iPhoneSimulator.ActiveCfg = Debug|Any CPU
		{8B7A1FC8-5803-4446-8CE8-2BC1CAA2EA4D}.AppStore|iPhoneSimulator.Build.0 = Debug|Any CPU
		{8B7A1FC8-5803-4446-8CE8-2BC1CAA2EA4D}.AppStore|x64.ActiveCfg = Debug|Any CPU
		{8B7A1FC8-5803-4446-8CE8-2BC1CAA2EA4D}.AppStore|x64.Build.0 = Debug|Any CPU
		{8B7A1FC8-5803-4446-8CE8-2BC1CAA2EA4D}.AppStore|x86.ActiveCfg = Debug|Any CPU
		{8B7A1FC8-5803-4446-8CE8-2BC1CAA2EA4D}.AppStore|x86.Build.0 = Debug|Any CPU
		{8B7A1FC8-5803-4446-8CE8-2BC1CAA2EA4D}.Debug|Any CPU.ActiveCfg = Debug|Any CPU
		{8B7A1FC8-5803-4446-8CE8-2BC1CAA2EA4D}.Debug|Any CPU.Build.0 = Debug|Any CPU
		{8B7A1FC8-5803-4446-8CE8-2BC1CAA2EA4D}.Debug|ARM.ActiveCfg = Debug|Any CPU
		{8B7A1FC8-5803-4446-8CE8-2BC1CAA2EA4D}.Debug|ARM.Build.0 = Debug|Any CPU
		{8B7A1FC8-5803-4446-8CE8-2BC1CAA2EA4D}.Debug|ARM64.ActiveCfg = Debug|Any CPU
		{8B7A1FC8-5803-4446-8CE8-2BC1CAA2EA4D}.Debug|ARM64.Build.0 = Debug|Any CPU
		{8B7A1FC8-5803-4446-8CE8-2BC1CAA2EA4D}.Debug|iPhone.ActiveCfg = Debug|Any CPU
		{8B7A1FC8-5803-4446-8CE8-2BC1CAA2EA4D}.Debug|iPhone.Build.0 = Debug|Any CPU
		{8B7A1FC8-5803-4446-8CE8-2BC1CAA2EA4D}.Debug|iPhoneSimulator.ActiveCfg = Debug|Any CPU
		{8B7A1FC8-5803-4446-8CE8-2BC1CAA2EA4D}.Debug|iPhoneSimulator.Build.0 = Debug|Any CPU
		{8B7A1FC8-5803-4446-8CE8-2BC1CAA2EA4D}.Debug|x64.ActiveCfg = Debug|Any CPU
		{8B7A1FC8-5803-4446-8CE8-2BC1CAA2EA4D}.Debug|x64.Build.0 = Debug|Any CPU
		{8B7A1FC8-5803-4446-8CE8-2BC1CAA2EA4D}.Debug|x86.ActiveCfg = Debug|Any CPU
		{8B7A1FC8-5803-4446-8CE8-2BC1CAA2EA4D}.Debug|x86.Build.0 = Debug|Any CPU
		{8B7A1FC8-5803-4446-8CE8-2BC1CAA2EA4D}.Release|Any CPU.ActiveCfg = Release|Any CPU
		{8B7A1FC8-5803-4446-8CE8-2BC1CAA2EA4D}.Release|Any CPU.Build.0 = Release|Any CPU
		{8B7A1FC8-5803-4446-8CE8-2BC1CAA2EA4D}.Release|ARM.ActiveCfg = Release|Any CPU
		{8B7A1FC8-5803-4446-8CE8-2BC1CAA2EA4D}.Release|ARM.Build.0 = Release|Any CPU
		{8B7A1FC8-5803-4446-8CE8-2BC1CAA2EA4D}.Release|ARM64.ActiveCfg = Release|Any CPU
		{8B7A1FC8-5803-4446-8CE8-2BC1CAA2EA4D}.Release|ARM64.Build.0 = Release|Any CPU
		{8B7A1FC8-5803-4446-8CE8-2BC1CAA2EA4D}.Release|iPhone.ActiveCfg = Release|Any CPU
		{8B7A1FC8-5803-4446-8CE8-2BC1CAA2EA4D}.Release|iPhone.Build.0 = Release|Any CPU
		{8B7A1FC8-5803-4446-8CE8-2BC1CAA2EA4D}.Release|iPhoneSimulator.ActiveCfg = Release|Any CPU
		{8B7A1FC8-5803-4446-8CE8-2BC1CAA2EA4D}.Release|iPhoneSimulator.Build.0 = Release|Any CPU
		{8B7A1FC8-5803-4446-8CE8-2BC1CAA2EA4D}.Release|x64.ActiveCfg = Release|Any CPU
		{8B7A1FC8-5803-4446-8CE8-2BC1CAA2EA4D}.Release|x64.Build.0 = Release|Any CPU
		{8B7A1FC8-5803-4446-8CE8-2BC1CAA2EA4D}.Release|x86.ActiveCfg = Release|Any CPU
		{8B7A1FC8-5803-4446-8CE8-2BC1CAA2EA4D}.Release|x86.Build.0 = Release|Any CPU
		{FEFC50EC-DBDD-4309-B0FC-D1B37230ED74}.Ad-Hoc|Any CPU.ActiveCfg = Debug|iPhoneSimulator
		{FEFC50EC-DBDD-4309-B0FC-D1B37230ED74}.Ad-Hoc|Any CPU.Build.0 = Debug|iPhoneSimulator
		{FEFC50EC-DBDD-4309-B0FC-D1B37230ED74}.Ad-Hoc|ARM.ActiveCfg = Debug|iPhoneSimulator
		{FEFC50EC-DBDD-4309-B0FC-D1B37230ED74}.Ad-Hoc|ARM.Build.0 = Debug|iPhoneSimulator
		{FEFC50EC-DBDD-4309-B0FC-D1B37230ED74}.Ad-Hoc|ARM64.ActiveCfg = Debug|iPhoneSimulator
		{FEFC50EC-DBDD-4309-B0FC-D1B37230ED74}.Ad-Hoc|ARM64.Build.0 = Debug|iPhoneSimulator
		{FEFC50EC-DBDD-4309-B0FC-D1B37230ED74}.Ad-Hoc|iPhone.ActiveCfg = Debug|iPhoneSimulator
		{FEFC50EC-DBDD-4309-B0FC-D1B37230ED74}.Ad-Hoc|iPhone.Build.0 = Debug|iPhoneSimulator
		{FEFC50EC-DBDD-4309-B0FC-D1B37230ED74}.Ad-Hoc|iPhoneSimulator.ActiveCfg = Debug|iPhoneSimulator
		{FEFC50EC-DBDD-4309-B0FC-D1B37230ED74}.Ad-Hoc|iPhoneSimulator.Build.0 = Debug|iPhoneSimulator
		{FEFC50EC-DBDD-4309-B0FC-D1B37230ED74}.Ad-Hoc|x64.ActiveCfg = Debug|iPhoneSimulator
		{FEFC50EC-DBDD-4309-B0FC-D1B37230ED74}.Ad-Hoc|x64.Build.0 = Debug|iPhoneSimulator
		{FEFC50EC-DBDD-4309-B0FC-D1B37230ED74}.Ad-Hoc|x86.ActiveCfg = Debug|iPhoneSimulator
		{FEFC50EC-DBDD-4309-B0FC-D1B37230ED74}.Ad-Hoc|x86.Build.0 = Debug|iPhoneSimulator
		{FEFC50EC-DBDD-4309-B0FC-D1B37230ED74}.AppStore|Any CPU.ActiveCfg = Debug|iPhoneSimulator
		{FEFC50EC-DBDD-4309-B0FC-D1B37230ED74}.AppStore|Any CPU.Build.0 = Debug|iPhoneSimulator
		{FEFC50EC-DBDD-4309-B0FC-D1B37230ED74}.AppStore|ARM.ActiveCfg = Debug|iPhoneSimulator
		{FEFC50EC-DBDD-4309-B0FC-D1B37230ED74}.AppStore|ARM.Build.0 = Debug|iPhoneSimulator
		{FEFC50EC-DBDD-4309-B0FC-D1B37230ED74}.AppStore|ARM64.ActiveCfg = Debug|iPhoneSimulator
		{FEFC50EC-DBDD-4309-B0FC-D1B37230ED74}.AppStore|ARM64.Build.0 = Debug|iPhoneSimulator
		{FEFC50EC-DBDD-4309-B0FC-D1B37230ED74}.AppStore|iPhone.ActiveCfg = Debug|iPhoneSimulator
		{FEFC50EC-DBDD-4309-B0FC-D1B37230ED74}.AppStore|iPhone.Build.0 = Debug|iPhoneSimulator
		{FEFC50EC-DBDD-4309-B0FC-D1B37230ED74}.AppStore|iPhoneSimulator.ActiveCfg = Debug|iPhoneSimulator
		{FEFC50EC-DBDD-4309-B0FC-D1B37230ED74}.AppStore|iPhoneSimulator.Build.0 = Debug|iPhoneSimulator
		{FEFC50EC-DBDD-4309-B0FC-D1B37230ED74}.AppStore|x64.ActiveCfg = Debug|iPhoneSimulator
		{FEFC50EC-DBDD-4309-B0FC-D1B37230ED74}.AppStore|x64.Build.0 = Debug|iPhoneSimulator
		{FEFC50EC-DBDD-4309-B0FC-D1B37230ED74}.AppStore|x86.ActiveCfg = Debug|iPhoneSimulator
		{FEFC50EC-DBDD-4309-B0FC-D1B37230ED74}.AppStore|x86.Build.0 = Debug|iPhoneSimulator
		{FEFC50EC-DBDD-4309-B0FC-D1B37230ED74}.Debug|Any CPU.ActiveCfg = Debug|iPhoneSimulator
		{FEFC50EC-DBDD-4309-B0FC-D1B37230ED74}.Debug|ARM.ActiveCfg = Debug|iPhoneSimulator
		{FEFC50EC-DBDD-4309-B0FC-D1B37230ED74}.Debug|ARM64.ActiveCfg = Debug|iPhoneSimulator
		{FEFC50EC-DBDD-4309-B0FC-D1B37230ED74}.Debug|iPhone.ActiveCfg = Debug|iPhoneSimulator
		{FEFC50EC-DBDD-4309-B0FC-D1B37230ED74}.Debug|iPhoneSimulator.ActiveCfg = Debug|iPhoneSimulator
		{FEFC50EC-DBDD-4309-B0FC-D1B37230ED74}.Debug|iPhoneSimulator.Build.0 = Debug|iPhoneSimulator
		{FEFC50EC-DBDD-4309-B0FC-D1B37230ED74}.Debug|x64.ActiveCfg = Debug|iPhoneSimulator
		{FEFC50EC-DBDD-4309-B0FC-D1B37230ED74}.Debug|x86.ActiveCfg = Debug|iPhoneSimulator
		{FEFC50EC-DBDD-4309-B0FC-D1B37230ED74}.Debug|x86.Build.0 = Debug|iPhoneSimulator
		{FEFC50EC-DBDD-4309-B0FC-D1B37230ED74}.Release|Any CPU.ActiveCfg = Release|iPhoneSimulator
		{FEFC50EC-DBDD-4309-B0FC-D1B37230ED74}.Release|ARM.ActiveCfg = Release|iPhoneSimulator
		{FEFC50EC-DBDD-4309-B0FC-D1B37230ED74}.Release|ARM64.ActiveCfg = Release|iPhoneSimulator
		{FEFC50EC-DBDD-4309-B0FC-D1B37230ED74}.Release|iPhone.ActiveCfg = Release|iPhoneSimulator
		{FEFC50EC-DBDD-4309-B0FC-D1B37230ED74}.Release|iPhoneSimulator.ActiveCfg = Release|iPhoneSimulator
		{FEFC50EC-DBDD-4309-B0FC-D1B37230ED74}.Release|iPhoneSimulator.Build.0 = Release|iPhoneSimulator
		{FEFC50EC-DBDD-4309-B0FC-D1B37230ED74}.Release|x64.ActiveCfg = Release|iPhoneSimulator
		{FEFC50EC-DBDD-4309-B0FC-D1B37230ED74}.Release|x86.ActiveCfg = Release|iPhoneSimulator
		{8C9EDEFF-BFCF-4C1E-B1B2-E2A89379EDFF}.Ad-Hoc|Any CPU.ActiveCfg = Debug|Any CPU
		{8C9EDEFF-BFCF-4C1E-B1B2-E2A89379EDFF}.Ad-Hoc|Any CPU.Build.0 = Debug|Any CPU
		{8C9EDEFF-BFCF-4C1E-B1B2-E2A89379EDFF}.Ad-Hoc|ARM.ActiveCfg = Debug|Any CPU
		{8C9EDEFF-BFCF-4C1E-B1B2-E2A89379EDFF}.Ad-Hoc|ARM.Build.0 = Debug|Any CPU
		{8C9EDEFF-BFCF-4C1E-B1B2-E2A89379EDFF}.Ad-Hoc|ARM64.ActiveCfg = Debug|Any CPU
		{8C9EDEFF-BFCF-4C1E-B1B2-E2A89379EDFF}.Ad-Hoc|ARM64.Build.0 = Debug|Any CPU
		{8C9EDEFF-BFCF-4C1E-B1B2-E2A89379EDFF}.Ad-Hoc|iPhone.ActiveCfg = Debug|Any CPU
		{8C9EDEFF-BFCF-4C1E-B1B2-E2A89379EDFF}.Ad-Hoc|iPhone.Build.0 = Debug|Any CPU
		{8C9EDEFF-BFCF-4C1E-B1B2-E2A89379EDFF}.Ad-Hoc|iPhoneSimulator.ActiveCfg = Debug|Any CPU
		{8C9EDEFF-BFCF-4C1E-B1B2-E2A89379EDFF}.Ad-Hoc|iPhoneSimulator.Build.0 = Debug|Any CPU
		{8C9EDEFF-BFCF-4C1E-B1B2-E2A89379EDFF}.Ad-Hoc|x64.ActiveCfg = Debug|Any CPU
		{8C9EDEFF-BFCF-4C1E-B1B2-E2A89379EDFF}.Ad-Hoc|x64.Build.0 = Debug|Any CPU
		{8C9EDEFF-BFCF-4C1E-B1B2-E2A89379EDFF}.Ad-Hoc|x86.ActiveCfg = Debug|Any CPU
		{8C9EDEFF-BFCF-4C1E-B1B2-E2A89379EDFF}.Ad-Hoc|x86.Build.0 = Debug|Any CPU
		{8C9EDEFF-BFCF-4C1E-B1B2-E2A89379EDFF}.AppStore|Any CPU.ActiveCfg = Debug|Any CPU
		{8C9EDEFF-BFCF-4C1E-B1B2-E2A89379EDFF}.AppStore|Any CPU.Build.0 = Debug|Any CPU
		{8C9EDEFF-BFCF-4C1E-B1B2-E2A89379EDFF}.AppStore|ARM.ActiveCfg = Debug|Any CPU
		{8C9EDEFF-BFCF-4C1E-B1B2-E2A89379EDFF}.AppStore|ARM.Build.0 = Debug|Any CPU
		{8C9EDEFF-BFCF-4C1E-B1B2-E2A89379EDFF}.AppStore|ARM64.ActiveCfg = Debug|Any CPU
		{8C9EDEFF-BFCF-4C1E-B1B2-E2A89379EDFF}.AppStore|ARM64.Build.0 = Debug|Any CPU
		{8C9EDEFF-BFCF-4C1E-B1B2-E2A89379EDFF}.AppStore|iPhone.ActiveCfg = Debug|Any CPU
		{8C9EDEFF-BFCF-4C1E-B1B2-E2A89379EDFF}.AppStore|iPhone.Build.0 = Debug|Any CPU
		{8C9EDEFF-BFCF-4C1E-B1B2-E2A89379EDFF}.AppStore|iPhoneSimulator.ActiveCfg = Debug|Any CPU
		{8C9EDEFF-BFCF-4C1E-B1B2-E2A89379EDFF}.AppStore|iPhoneSimulator.Build.0 = Debug|Any CPU
		{8C9EDEFF-BFCF-4C1E-B1B2-E2A89379EDFF}.AppStore|x64.ActiveCfg = Debug|Any CPU
		{8C9EDEFF-BFCF-4C1E-B1B2-E2A89379EDFF}.AppStore|x64.Build.0 = Debug|Any CPU
		{8C9EDEFF-BFCF-4C1E-B1B2-E2A89379EDFF}.AppStore|x86.ActiveCfg = Debug|Any CPU
		{8C9EDEFF-BFCF-4C1E-B1B2-E2A89379EDFF}.AppStore|x86.Build.0 = Debug|Any CPU
		{8C9EDEFF-BFCF-4C1E-B1B2-E2A89379EDFF}.Debug|Any CPU.ActiveCfg = Debug|Any CPU
		{8C9EDEFF-BFCF-4C1E-B1B2-E2A89379EDFF}.Debug|Any CPU.Build.0 = Debug|Any CPU
		{8C9EDEFF-BFCF-4C1E-B1B2-E2A89379EDFF}.Debug|ARM.ActiveCfg = Debug|Any CPU
		{8C9EDEFF-BFCF-4C1E-B1B2-E2A89379EDFF}.Debug|ARM.Build.0 = Debug|Any CPU
		{8C9EDEFF-BFCF-4C1E-B1B2-E2A89379EDFF}.Debug|ARM64.ActiveCfg = Debug|Any CPU
		{8C9EDEFF-BFCF-4C1E-B1B2-E2A89379EDFF}.Debug|ARM64.Build.0 = Debug|Any CPU
		{8C9EDEFF-BFCF-4C1E-B1B2-E2A89379EDFF}.Debug|iPhone.ActiveCfg = Debug|Any CPU
		{8C9EDEFF-BFCF-4C1E-B1B2-E2A89379EDFF}.Debug|iPhone.Build.0 = Debug|Any CPU
		{8C9EDEFF-BFCF-4C1E-B1B2-E2A89379EDFF}.Debug|iPhoneSimulator.ActiveCfg = Debug|Any CPU
		{8C9EDEFF-BFCF-4C1E-B1B2-E2A89379EDFF}.Debug|iPhoneSimulator.Build.0 = Debug|Any CPU
		{8C9EDEFF-BFCF-4C1E-B1B2-E2A89379EDFF}.Debug|x64.ActiveCfg = Debug|Any CPU
		{8C9EDEFF-BFCF-4C1E-B1B2-E2A89379EDFF}.Debug|x64.Build.0 = Debug|Any CPU
		{8C9EDEFF-BFCF-4C1E-B1B2-E2A89379EDFF}.Debug|x86.ActiveCfg = Debug|Any CPU
		{8C9EDEFF-BFCF-4C1E-B1B2-E2A89379EDFF}.Debug|x86.Build.0 = Debug|Any CPU
		{8C9EDEFF-BFCF-4C1E-B1B2-E2A89379EDFF}.Release|Any CPU.ActiveCfg = Release|Any CPU
		{8C9EDEFF-BFCF-4C1E-B1B2-E2A89379EDFF}.Release|Any CPU.Build.0 = Release|Any CPU
		{8C9EDEFF-BFCF-4C1E-B1B2-E2A89379EDFF}.Release|ARM.ActiveCfg = Release|Any CPU
		{8C9EDEFF-BFCF-4C1E-B1B2-E2A89379EDFF}.Release|ARM.Build.0 = Release|Any CPU
		{8C9EDEFF-BFCF-4C1E-B1B2-E2A89379EDFF}.Release|ARM64.ActiveCfg = Release|Any CPU
		{8C9EDEFF-BFCF-4C1E-B1B2-E2A89379EDFF}.Release|ARM64.Build.0 = Release|Any CPU
		{8C9EDEFF-BFCF-4C1E-B1B2-E2A89379EDFF}.Release|iPhone.ActiveCfg = Release|Any CPU
		{8C9EDEFF-BFCF-4C1E-B1B2-E2A89379EDFF}.Release|iPhone.Build.0 = Release|Any CPU
		{8C9EDEFF-BFCF-4C1E-B1B2-E2A89379EDFF}.Release|iPhoneSimulator.ActiveCfg = Release|Any CPU
		{8C9EDEFF-BFCF-4C1E-B1B2-E2A89379EDFF}.Release|iPhoneSimulator.Build.0 = Release|Any CPU
		{8C9EDEFF-BFCF-4C1E-B1B2-E2A89379EDFF}.Release|x64.ActiveCfg = Release|Any CPU
		{8C9EDEFF-BFCF-4C1E-B1B2-E2A89379EDFF}.Release|x64.Build.0 = Release|Any CPU
		{8C9EDEFF-BFCF-4C1E-B1B2-E2A89379EDFF}.Release|x86.ActiveCfg = Release|Any CPU
		{8C9EDEFF-BFCF-4C1E-B1B2-E2A89379EDFF}.Release|x86.Build.0 = Release|Any CPU
		{62B13E89-7F65-4168-AA8C-BD2E1571CA07}.Ad-Hoc|Any CPU.ActiveCfg = Debug|Any CPU
		{62B13E89-7F65-4168-AA8C-BD2E1571CA07}.Ad-Hoc|Any CPU.Build.0 = Debug|Any CPU
		{62B13E89-7F65-4168-AA8C-BD2E1571CA07}.Ad-Hoc|ARM.ActiveCfg = Debug|Any CPU
		{62B13E89-7F65-4168-AA8C-BD2E1571CA07}.Ad-Hoc|ARM.Build.0 = Debug|Any CPU
		{62B13E89-7F65-4168-AA8C-BD2E1571CA07}.Ad-Hoc|ARM64.ActiveCfg = Debug|Any CPU
		{62B13E89-7F65-4168-AA8C-BD2E1571CA07}.Ad-Hoc|ARM64.Build.0 = Debug|Any CPU
		{62B13E89-7F65-4168-AA8C-BD2E1571CA07}.Ad-Hoc|iPhone.ActiveCfg = Debug|Any CPU
		{62B13E89-7F65-4168-AA8C-BD2E1571CA07}.Ad-Hoc|iPhone.Build.0 = Debug|Any CPU
		{62B13E89-7F65-4168-AA8C-BD2E1571CA07}.Ad-Hoc|iPhoneSimulator.ActiveCfg = Debug|Any CPU
		{62B13E89-7F65-4168-AA8C-BD2E1571CA07}.Ad-Hoc|iPhoneSimulator.Build.0 = Debug|Any CPU
		{62B13E89-7F65-4168-AA8C-BD2E1571CA07}.Ad-Hoc|x64.ActiveCfg = Debug|Any CPU
		{62B13E89-7F65-4168-AA8C-BD2E1571CA07}.Ad-Hoc|x64.Build.0 = Debug|Any CPU
		{62B13E89-7F65-4168-AA8C-BD2E1571CA07}.Ad-Hoc|x86.ActiveCfg = Debug|Any CPU
		{62B13E89-7F65-4168-AA8C-BD2E1571CA07}.Ad-Hoc|x86.Build.0 = Debug|Any CPU
		{62B13E89-7F65-4168-AA8C-BD2E1571CA07}.AppStore|Any CPU.ActiveCfg = Debug|Any CPU
		{62B13E89-7F65-4168-AA8C-BD2E1571CA07}.AppStore|Any CPU.Build.0 = Debug|Any CPU
		{62B13E89-7F65-4168-AA8C-BD2E1571CA07}.AppStore|ARM.ActiveCfg = Debug|Any CPU
		{62B13E89-7F65-4168-AA8C-BD2E1571CA07}.AppStore|ARM.Build.0 = Debug|Any CPU
		{62B13E89-7F65-4168-AA8C-BD2E1571CA07}.AppStore|ARM64.ActiveCfg = Debug|Any CPU
		{62B13E89-7F65-4168-AA8C-BD2E1571CA07}.AppStore|ARM64.Build.0 = Debug|Any CPU
		{62B13E89-7F65-4168-AA8C-BD2E1571CA07}.AppStore|iPhone.ActiveCfg = Debug|Any CPU
		{62B13E89-7F65-4168-AA8C-BD2E1571CA07}.AppStore|iPhone.Build.0 = Debug|Any CPU
		{62B13E89-7F65-4168-AA8C-BD2E1571CA07}.AppStore|iPhoneSimulator.ActiveCfg = Debug|Any CPU
		{62B13E89-7F65-4168-AA8C-BD2E1571CA07}.AppStore|iPhoneSimulator.Build.0 = Debug|Any CPU
		{62B13E89-7F65-4168-AA8C-BD2E1571CA07}.AppStore|x64.ActiveCfg = Debug|Any CPU
		{62B13E89-7F65-4168-AA8C-BD2E1571CA07}.AppStore|x64.Build.0 = Debug|Any CPU
		{62B13E89-7F65-4168-AA8C-BD2E1571CA07}.AppStore|x86.ActiveCfg = Debug|Any CPU
		{62B13E89-7F65-4168-AA8C-BD2E1571CA07}.AppStore|x86.Build.0 = Debug|Any CPU
		{62B13E89-7F65-4168-AA8C-BD2E1571CA07}.Debug|Any CPU.ActiveCfg = Debug|Any CPU
		{62B13E89-7F65-4168-AA8C-BD2E1571CA07}.Debug|Any CPU.Build.0 = Debug|Any CPU
		{62B13E89-7F65-4168-AA8C-BD2E1571CA07}.Debug|ARM.ActiveCfg = Debug|Any CPU
		{62B13E89-7F65-4168-AA8C-BD2E1571CA07}.Debug|ARM.Build.0 = Debug|Any CPU
		{62B13E89-7F65-4168-AA8C-BD2E1571CA07}.Debug|ARM64.ActiveCfg = Debug|Any CPU
		{62B13E89-7F65-4168-AA8C-BD2E1571CA07}.Debug|ARM64.Build.0 = Debug|Any CPU
		{62B13E89-7F65-4168-AA8C-BD2E1571CA07}.Debug|iPhone.ActiveCfg = Debug|Any CPU
		{62B13E89-7F65-4168-AA8C-BD2E1571CA07}.Debug|iPhone.Build.0 = Debug|Any CPU
		{62B13E89-7F65-4168-AA8C-BD2E1571CA07}.Debug|iPhoneSimulator.ActiveCfg = Debug|Any CPU
		{62B13E89-7F65-4168-AA8C-BD2E1571CA07}.Debug|iPhoneSimulator.Build.0 = Debug|Any CPU
		{62B13E89-7F65-4168-AA8C-BD2E1571CA07}.Debug|x64.ActiveCfg = Debug|Any CPU
		{62B13E89-7F65-4168-AA8C-BD2E1571CA07}.Debug|x64.Build.0 = Debug|Any CPU
		{62B13E89-7F65-4168-AA8C-BD2E1571CA07}.Debug|x86.ActiveCfg = Debug|Any CPU
		{62B13E89-7F65-4168-AA8C-BD2E1571CA07}.Debug|x86.Build.0 = Debug|Any CPU
		{62B13E89-7F65-4168-AA8C-BD2E1571CA07}.Release|Any CPU.ActiveCfg = Release|Any CPU
		{62B13E89-7F65-4168-AA8C-BD2E1571CA07}.Release|Any CPU.Build.0 = Release|Any CPU
		{62B13E89-7F65-4168-AA8C-BD2E1571CA07}.Release|ARM.ActiveCfg = Release|Any CPU
		{62B13E89-7F65-4168-AA8C-BD2E1571CA07}.Release|ARM.Build.0 = Release|Any CPU
		{62B13E89-7F65-4168-AA8C-BD2E1571CA07}.Release|ARM64.ActiveCfg = Release|Any CPU
		{62B13E89-7F65-4168-AA8C-BD2E1571CA07}.Release|ARM64.Build.0 = Release|Any CPU
		{62B13E89-7F65-4168-AA8C-BD2E1571CA07}.Release|iPhone.ActiveCfg = Release|Any CPU
		{62B13E89-7F65-4168-AA8C-BD2E1571CA07}.Release|iPhone.Build.0 = Release|Any CPU
		{62B13E89-7F65-4168-AA8C-BD2E1571CA07}.Release|iPhoneSimulator.ActiveCfg = Release|Any CPU
		{62B13E89-7F65-4168-AA8C-BD2E1571CA07}.Release|iPhoneSimulator.Build.0 = Release|Any CPU
		{62B13E89-7F65-4168-AA8C-BD2E1571CA07}.Release|x64.ActiveCfg = Release|Any CPU
		{62B13E89-7F65-4168-AA8C-BD2E1571CA07}.Release|x64.Build.0 = Release|Any CPU
		{62B13E89-7F65-4168-AA8C-BD2E1571CA07}.Release|x86.ActiveCfg = Release|Any CPU
		{62B13E89-7F65-4168-AA8C-BD2E1571CA07}.Release|x86.Build.0 = Release|Any CPU
		{75D4987C-130B-43F0-A9EC-36971FDCD384}.Ad-Hoc|Any CPU.ActiveCfg = Debug|Any CPU
		{75D4987C-130B-43F0-A9EC-36971FDCD384}.Ad-Hoc|Any CPU.Build.0 = Debug|Any CPU
		{75D4987C-130B-43F0-A9EC-36971FDCD384}.Ad-Hoc|ARM.ActiveCfg = Debug|Any CPU
		{75D4987C-130B-43F0-A9EC-36971FDCD384}.Ad-Hoc|ARM.Build.0 = Debug|Any CPU
		{75D4987C-130B-43F0-A9EC-36971FDCD384}.Ad-Hoc|ARM64.ActiveCfg = Debug|Any CPU
		{75D4987C-130B-43F0-A9EC-36971FDCD384}.Ad-Hoc|ARM64.Build.0 = Debug|Any CPU
		{75D4987C-130B-43F0-A9EC-36971FDCD384}.Ad-Hoc|iPhone.ActiveCfg = Debug|Any CPU
		{75D4987C-130B-43F0-A9EC-36971FDCD384}.Ad-Hoc|iPhone.Build.0 = Debug|Any CPU
		{75D4987C-130B-43F0-A9EC-36971FDCD384}.Ad-Hoc|iPhoneSimulator.ActiveCfg = Debug|Any CPU
		{75D4987C-130B-43F0-A9EC-36971FDCD384}.Ad-Hoc|iPhoneSimulator.Build.0 = Debug|Any CPU
		{75D4987C-130B-43F0-A9EC-36971FDCD384}.Ad-Hoc|x64.ActiveCfg = Debug|Any CPU
		{75D4987C-130B-43F0-A9EC-36971FDCD384}.Ad-Hoc|x64.Build.0 = Debug|Any CPU
		{75D4987C-130B-43F0-A9EC-36971FDCD384}.Ad-Hoc|x86.ActiveCfg = Debug|Any CPU
		{75D4987C-130B-43F0-A9EC-36971FDCD384}.Ad-Hoc|x86.Build.0 = Debug|Any CPU
		{75D4987C-130B-43F0-A9EC-36971FDCD384}.AppStore|Any CPU.ActiveCfg = Debug|Any CPU
		{75D4987C-130B-43F0-A9EC-36971FDCD384}.AppStore|Any CPU.Build.0 = Debug|Any CPU
		{75D4987C-130B-43F0-A9EC-36971FDCD384}.AppStore|ARM.ActiveCfg = Debug|Any CPU
		{75D4987C-130B-43F0-A9EC-36971FDCD384}.AppStore|ARM.Build.0 = Debug|Any CPU
		{75D4987C-130B-43F0-A9EC-36971FDCD384}.AppStore|ARM64.ActiveCfg = Debug|Any CPU
		{75D4987C-130B-43F0-A9EC-36971FDCD384}.AppStore|ARM64.Build.0 = Debug|Any CPU
		{75D4987C-130B-43F0-A9EC-36971FDCD384}.AppStore|iPhone.ActiveCfg = Debug|Any CPU
		{75D4987C-130B-43F0-A9EC-36971FDCD384}.AppStore|iPhone.Build.0 = Debug|Any CPU
		{75D4987C-130B-43F0-A9EC-36971FDCD384}.AppStore|iPhoneSimulator.ActiveCfg = Debug|Any CPU
		{75D4987C-130B-43F0-A9EC-36971FDCD384}.AppStore|iPhoneSimulator.Build.0 = Debug|Any CPU
		{75D4987C-130B-43F0-A9EC-36971FDCD384}.AppStore|x64.ActiveCfg = Debug|Any CPU
		{75D4987C-130B-43F0-A9EC-36971FDCD384}.AppStore|x64.Build.0 = Debug|Any CPU
		{75D4987C-130B-43F0-A9EC-36971FDCD384}.AppStore|x86.ActiveCfg = Debug|Any CPU
		{75D4987C-130B-43F0-A9EC-36971FDCD384}.AppStore|x86.Build.0 = Debug|Any CPU
		{75D4987C-130B-43F0-A9EC-36971FDCD384}.Debug|Any CPU.ActiveCfg = Debug|Any CPU
		{75D4987C-130B-43F0-A9EC-36971FDCD384}.Debug|Any CPU.Build.0 = Debug|Any CPU
		{75D4987C-130B-43F0-A9EC-36971FDCD384}.Debug|ARM.ActiveCfg = Debug|Any CPU
		{75D4987C-130B-43F0-A9EC-36971FDCD384}.Debug|ARM.Build.0 = Debug|Any CPU
		{75D4987C-130B-43F0-A9EC-36971FDCD384}.Debug|ARM64.ActiveCfg = Debug|Any CPU
		{75D4987C-130B-43F0-A9EC-36971FDCD384}.Debug|ARM64.Build.0 = Debug|Any CPU
		{75D4987C-130B-43F0-A9EC-36971FDCD384}.Debug|iPhone.ActiveCfg = Debug|Any CPU
		{75D4987C-130B-43F0-A9EC-36971FDCD384}.Debug|iPhone.Build.0 = Debug|Any CPU
		{75D4987C-130B-43F0-A9EC-36971FDCD384}.Debug|iPhoneSimulator.ActiveCfg = Debug|Any CPU
		{75D4987C-130B-43F0-A9EC-36971FDCD384}.Debug|iPhoneSimulator.Build.0 = Debug|Any CPU
		{75D4987C-130B-43F0-A9EC-36971FDCD384}.Debug|x64.ActiveCfg = Debug|Any CPU
		{75D4987C-130B-43F0-A9EC-36971FDCD384}.Debug|x64.Build.0 = Debug|Any CPU
		{75D4987C-130B-43F0-A9EC-36971FDCD384}.Debug|x86.ActiveCfg = Debug|Any CPU
		{75D4987C-130B-43F0-A9EC-36971FDCD384}.Debug|x86.Build.0 = Debug|Any CPU
		{75D4987C-130B-43F0-A9EC-36971FDCD384}.Release|Any CPU.ActiveCfg = Release|Any CPU
		{75D4987C-130B-43F0-A9EC-36971FDCD384}.Release|Any CPU.Build.0 = Release|Any CPU
		{75D4987C-130B-43F0-A9EC-36971FDCD384}.Release|ARM.ActiveCfg = Release|Any CPU
		{75D4987C-130B-43F0-A9EC-36971FDCD384}.Release|ARM.Build.0 = Release|Any CPU
		{75D4987C-130B-43F0-A9EC-36971FDCD384}.Release|ARM64.ActiveCfg = Release|Any CPU
		{75D4987C-130B-43F0-A9EC-36971FDCD384}.Release|ARM64.Build.0 = Release|Any CPU
		{75D4987C-130B-43F0-A9EC-36971FDCD384}.Release|iPhone.ActiveCfg = Release|Any CPU
		{75D4987C-130B-43F0-A9EC-36971FDCD384}.Release|iPhone.Build.0 = Release|Any CPU
		{75D4987C-130B-43F0-A9EC-36971FDCD384}.Release|iPhoneSimulator.ActiveCfg = Release|Any CPU
		{75D4987C-130B-43F0-A9EC-36971FDCD384}.Release|iPhoneSimulator.Build.0 = Release|Any CPU
		{75D4987C-130B-43F0-A9EC-36971FDCD384}.Release|x64.ActiveCfg = Release|Any CPU
		{75D4987C-130B-43F0-A9EC-36971FDCD384}.Release|x64.Build.0 = Release|Any CPU
		{75D4987C-130B-43F0-A9EC-36971FDCD384}.Release|x86.ActiveCfg = Release|Any CPU
		{75D4987C-130B-43F0-A9EC-36971FDCD384}.Release|x86.Build.0 = Release|Any CPU
		{DA07FE32-5024-4A1C-858D-2541FFCF2BAE}.Ad-Hoc|Any CPU.ActiveCfg = Debug|Any CPU
		{DA07FE32-5024-4A1C-858D-2541FFCF2BAE}.Ad-Hoc|Any CPU.Build.0 = Debug|Any CPU
		{DA07FE32-5024-4A1C-858D-2541FFCF2BAE}.Ad-Hoc|ARM.ActiveCfg = Debug|Any CPU
		{DA07FE32-5024-4A1C-858D-2541FFCF2BAE}.Ad-Hoc|ARM.Build.0 = Debug|Any CPU
		{DA07FE32-5024-4A1C-858D-2541FFCF2BAE}.Ad-Hoc|ARM64.ActiveCfg = Debug|Any CPU
		{DA07FE32-5024-4A1C-858D-2541FFCF2BAE}.Ad-Hoc|ARM64.Build.0 = Debug|Any CPU
		{DA07FE32-5024-4A1C-858D-2541FFCF2BAE}.Ad-Hoc|iPhone.ActiveCfg = Debug|Any CPU
		{DA07FE32-5024-4A1C-858D-2541FFCF2BAE}.Ad-Hoc|iPhone.Build.0 = Debug|Any CPU
		{DA07FE32-5024-4A1C-858D-2541FFCF2BAE}.Ad-Hoc|iPhoneSimulator.ActiveCfg = Debug|Any CPU
		{DA07FE32-5024-4A1C-858D-2541FFCF2BAE}.Ad-Hoc|iPhoneSimulator.Build.0 = Debug|Any CPU
		{DA07FE32-5024-4A1C-858D-2541FFCF2BAE}.Ad-Hoc|x64.ActiveCfg = Debug|Any CPU
		{DA07FE32-5024-4A1C-858D-2541FFCF2BAE}.Ad-Hoc|x64.Build.0 = Debug|Any CPU
		{DA07FE32-5024-4A1C-858D-2541FFCF2BAE}.Ad-Hoc|x86.ActiveCfg = Debug|Any CPU
		{DA07FE32-5024-4A1C-858D-2541FFCF2BAE}.Ad-Hoc|x86.Build.0 = Debug|Any CPU
		{DA07FE32-5024-4A1C-858D-2541FFCF2BAE}.AppStore|Any CPU.ActiveCfg = Debug|Any CPU
		{DA07FE32-5024-4A1C-858D-2541FFCF2BAE}.AppStore|Any CPU.Build.0 = Debug|Any CPU
		{DA07FE32-5024-4A1C-858D-2541FFCF2BAE}.AppStore|ARM.ActiveCfg = Debug|Any CPU
		{DA07FE32-5024-4A1C-858D-2541FFCF2BAE}.AppStore|ARM.Build.0 = Debug|Any CPU
		{DA07FE32-5024-4A1C-858D-2541FFCF2BAE}.AppStore|ARM64.ActiveCfg = Debug|Any CPU
		{DA07FE32-5024-4A1C-858D-2541FFCF2BAE}.AppStore|ARM64.Build.0 = Debug|Any CPU
		{DA07FE32-5024-4A1C-858D-2541FFCF2BAE}.AppStore|iPhone.ActiveCfg = Debug|Any CPU
		{DA07FE32-5024-4A1C-858D-2541FFCF2BAE}.AppStore|iPhone.Build.0 = Debug|Any CPU
		{DA07FE32-5024-4A1C-858D-2541FFCF2BAE}.AppStore|iPhoneSimulator.ActiveCfg = Debug|Any CPU
		{DA07FE32-5024-4A1C-858D-2541FFCF2BAE}.AppStore|iPhoneSimulator.Build.0 = Debug|Any CPU
		{DA07FE32-5024-4A1C-858D-2541FFCF2BAE}.AppStore|x64.ActiveCfg = Debug|Any CPU
		{DA07FE32-5024-4A1C-858D-2541FFCF2BAE}.AppStore|x64.Build.0 = Debug|Any CPU
		{DA07FE32-5024-4A1C-858D-2541FFCF2BAE}.AppStore|x86.ActiveCfg = Debug|Any CPU
		{DA07FE32-5024-4A1C-858D-2541FFCF2BAE}.AppStore|x86.Build.0 = Debug|Any CPU
		{DA07FE32-5024-4A1C-858D-2541FFCF2BAE}.Debug|Any CPU.ActiveCfg = Debug|Any CPU
		{DA07FE32-5024-4A1C-858D-2541FFCF2BAE}.Debug|Any CPU.Build.0 = Debug|Any CPU
		{DA07FE32-5024-4A1C-858D-2541FFCF2BAE}.Debug|ARM.ActiveCfg = Debug|Any CPU
		{DA07FE32-5024-4A1C-858D-2541FFCF2BAE}.Debug|ARM.Build.0 = Debug|Any CPU
		{DA07FE32-5024-4A1C-858D-2541FFCF2BAE}.Debug|ARM64.ActiveCfg = Debug|Any CPU
		{DA07FE32-5024-4A1C-858D-2541FFCF2BAE}.Debug|ARM64.Build.0 = Debug|Any CPU
		{DA07FE32-5024-4A1C-858D-2541FFCF2BAE}.Debug|iPhone.ActiveCfg = Debug|Any CPU
		{DA07FE32-5024-4A1C-858D-2541FFCF2BAE}.Debug|iPhone.Build.0 = Debug|Any CPU
		{DA07FE32-5024-4A1C-858D-2541FFCF2BAE}.Debug|iPhoneSimulator.ActiveCfg = Debug|Any CPU
		{DA07FE32-5024-4A1C-858D-2541FFCF2BAE}.Debug|iPhoneSimulator.Build.0 = Debug|Any CPU
		{DA07FE32-5024-4A1C-858D-2541FFCF2BAE}.Debug|x64.ActiveCfg = Debug|Any CPU
		{DA07FE32-5024-4A1C-858D-2541FFCF2BAE}.Debug|x64.Build.0 = Debug|Any CPU
		{DA07FE32-5024-4A1C-858D-2541FFCF2BAE}.Debug|x86.ActiveCfg = Debug|Any CPU
		{DA07FE32-5024-4A1C-858D-2541FFCF2BAE}.Debug|x86.Build.0 = Debug|Any CPU
		{DA07FE32-5024-4A1C-858D-2541FFCF2BAE}.Release|Any CPU.ActiveCfg = Release|Any CPU
		{DA07FE32-5024-4A1C-858D-2541FFCF2BAE}.Release|Any CPU.Build.0 = Release|Any CPU
		{DA07FE32-5024-4A1C-858D-2541FFCF2BAE}.Release|ARM.ActiveCfg = Release|Any CPU
		{DA07FE32-5024-4A1C-858D-2541FFCF2BAE}.Release|ARM.Build.0 = Release|Any CPU
		{DA07FE32-5024-4A1C-858D-2541FFCF2BAE}.Release|ARM64.ActiveCfg = Release|Any CPU
		{DA07FE32-5024-4A1C-858D-2541FFCF2BAE}.Release|ARM64.Build.0 = Release|Any CPU
		{DA07FE32-5024-4A1C-858D-2541FFCF2BAE}.Release|iPhone.ActiveCfg = Release|Any CPU
		{DA07FE32-5024-4A1C-858D-2541FFCF2BAE}.Release|iPhone.Build.0 = Release|Any CPU
		{DA07FE32-5024-4A1C-858D-2541FFCF2BAE}.Release|iPhoneSimulator.ActiveCfg = Release|Any CPU
		{DA07FE32-5024-4A1C-858D-2541FFCF2BAE}.Release|iPhoneSimulator.Build.0 = Release|Any CPU
		{DA07FE32-5024-4A1C-858D-2541FFCF2BAE}.Release|x64.ActiveCfg = Release|Any CPU
		{DA07FE32-5024-4A1C-858D-2541FFCF2BAE}.Release|x64.Build.0 = Release|Any CPU
		{DA07FE32-5024-4A1C-858D-2541FFCF2BAE}.Release|x86.ActiveCfg = Release|Any CPU
		{DA07FE32-5024-4A1C-858D-2541FFCF2BAE}.Release|x86.Build.0 = Release|Any CPU
		{B95C4D88-9823-4CF6-87E1-56AAE9621C09}.Ad-Hoc|Any CPU.ActiveCfg = Debug|Any CPU
		{B95C4D88-9823-4CF6-87E1-56AAE9621C09}.Ad-Hoc|Any CPU.Build.0 = Debug|Any CPU
		{B95C4D88-9823-4CF6-87E1-56AAE9621C09}.Ad-Hoc|ARM.ActiveCfg = Debug|Any CPU
		{B95C4D88-9823-4CF6-87E1-56AAE9621C09}.Ad-Hoc|ARM.Build.0 = Debug|Any CPU
		{B95C4D88-9823-4CF6-87E1-56AAE9621C09}.Ad-Hoc|ARM64.ActiveCfg = Debug|Any CPU
		{B95C4D88-9823-4CF6-87E1-56AAE9621C09}.Ad-Hoc|ARM64.Build.0 = Debug|Any CPU
		{B95C4D88-9823-4CF6-87E1-56AAE9621C09}.Ad-Hoc|iPhone.ActiveCfg = Debug|Any CPU
		{B95C4D88-9823-4CF6-87E1-56AAE9621C09}.Ad-Hoc|iPhone.Build.0 = Debug|Any CPU
		{B95C4D88-9823-4CF6-87E1-56AAE9621C09}.Ad-Hoc|iPhoneSimulator.ActiveCfg = Debug|Any CPU
		{B95C4D88-9823-4CF6-87E1-56AAE9621C09}.Ad-Hoc|iPhoneSimulator.Build.0 = Debug|Any CPU
		{B95C4D88-9823-4CF6-87E1-56AAE9621C09}.Ad-Hoc|x64.ActiveCfg = Debug|Any CPU
		{B95C4D88-9823-4CF6-87E1-56AAE9621C09}.Ad-Hoc|x64.Build.0 = Debug|Any CPU
		{B95C4D88-9823-4CF6-87E1-56AAE9621C09}.Ad-Hoc|x86.ActiveCfg = Debug|Any CPU
		{B95C4D88-9823-4CF6-87E1-56AAE9621C09}.Ad-Hoc|x86.Build.0 = Debug|Any CPU
		{B95C4D88-9823-4CF6-87E1-56AAE9621C09}.AppStore|Any CPU.ActiveCfg = Debug|Any CPU
		{B95C4D88-9823-4CF6-87E1-56AAE9621C09}.AppStore|Any CPU.Build.0 = Debug|Any CPU
		{B95C4D88-9823-4CF6-87E1-56AAE9621C09}.AppStore|ARM.ActiveCfg = Debug|Any CPU
		{B95C4D88-9823-4CF6-87E1-56AAE9621C09}.AppStore|ARM.Build.0 = Debug|Any CPU
		{B95C4D88-9823-4CF6-87E1-56AAE9621C09}.AppStore|ARM64.ActiveCfg = Debug|Any CPU
		{B95C4D88-9823-4CF6-87E1-56AAE9621C09}.AppStore|ARM64.Build.0 = Debug|Any CPU
		{B95C4D88-9823-4CF6-87E1-56AAE9621C09}.AppStore|iPhone.ActiveCfg = Debug|Any CPU
		{B95C4D88-9823-4CF6-87E1-56AAE9621C09}.AppStore|iPhone.Build.0 = Debug|Any CPU
		{B95C4D88-9823-4CF6-87E1-56AAE9621C09}.AppStore|iPhoneSimulator.ActiveCfg = Debug|Any CPU
		{B95C4D88-9823-4CF6-87E1-56AAE9621C09}.AppStore|iPhoneSimulator.Build.0 = Debug|Any CPU
		{B95C4D88-9823-4CF6-87E1-56AAE9621C09}.AppStore|x64.ActiveCfg = Debug|Any CPU
		{B95C4D88-9823-4CF6-87E1-56AAE9621C09}.AppStore|x64.Build.0 = Debug|Any CPU
		{B95C4D88-9823-4CF6-87E1-56AAE9621C09}.AppStore|x86.ActiveCfg = Debug|Any CPU
		{B95C4D88-9823-4CF6-87E1-56AAE9621C09}.AppStore|x86.Build.0 = Debug|Any CPU
		{B95C4D88-9823-4CF6-87E1-56AAE9621C09}.Debug|Any CPU.ActiveCfg = Debug|Any CPU
		{B95C4D88-9823-4CF6-87E1-56AAE9621C09}.Debug|Any CPU.Build.0 = Debug|Any CPU
		{B95C4D88-9823-4CF6-87E1-56AAE9621C09}.Debug|ARM.ActiveCfg = Debug|Any CPU
		{B95C4D88-9823-4CF6-87E1-56AAE9621C09}.Debug|ARM.Build.0 = Debug|Any CPU
		{B95C4D88-9823-4CF6-87E1-56AAE9621C09}.Debug|ARM64.ActiveCfg = Debug|Any CPU
		{B95C4D88-9823-4CF6-87E1-56AAE9621C09}.Debug|ARM64.Build.0 = Debug|Any CPU
		{B95C4D88-9823-4CF6-87E1-56AAE9621C09}.Debug|iPhone.ActiveCfg = Debug|Any CPU
		{B95C4D88-9823-4CF6-87E1-56AAE9621C09}.Debug|iPhone.Build.0 = Debug|Any CPU
		{B95C4D88-9823-4CF6-87E1-56AAE9621C09}.Debug|iPhoneSimulator.ActiveCfg = Debug|Any CPU
		{B95C4D88-9823-4CF6-87E1-56AAE9621C09}.Debug|iPhoneSimulator.Build.0 = Debug|Any CPU
		{B95C4D88-9823-4CF6-87E1-56AAE9621C09}.Debug|x64.ActiveCfg = Debug|Any CPU
		{B95C4D88-9823-4CF6-87E1-56AAE9621C09}.Debug|x64.Build.0 = Debug|Any CPU
		{B95C4D88-9823-4CF6-87E1-56AAE9621C09}.Debug|x86.ActiveCfg = Debug|Any CPU
		{B95C4D88-9823-4CF6-87E1-56AAE9621C09}.Debug|x86.Build.0 = Debug|Any CPU
		{B95C4D88-9823-4CF6-87E1-56AAE9621C09}.Release|Any CPU.ActiveCfg = Release|Any CPU
		{B95C4D88-9823-4CF6-87E1-56AAE9621C09}.Release|Any CPU.Build.0 = Release|Any CPU
		{B95C4D88-9823-4CF6-87E1-56AAE9621C09}.Release|ARM.ActiveCfg = Release|Any CPU
		{B95C4D88-9823-4CF6-87E1-56AAE9621C09}.Release|ARM.Build.0 = Release|Any CPU
		{B95C4D88-9823-4CF6-87E1-56AAE9621C09}.Release|ARM64.ActiveCfg = Release|Any CPU
		{B95C4D88-9823-4CF6-87E1-56AAE9621C09}.Release|ARM64.Build.0 = Release|Any CPU
		{B95C4D88-9823-4CF6-87E1-56AAE9621C09}.Release|iPhone.ActiveCfg = Release|Any CPU
		{B95C4D88-9823-4CF6-87E1-56AAE9621C09}.Release|iPhone.Build.0 = Release|Any CPU
		{B95C4D88-9823-4CF6-87E1-56AAE9621C09}.Release|iPhoneSimulator.ActiveCfg = Release|Any CPU
		{B95C4D88-9823-4CF6-87E1-56AAE9621C09}.Release|iPhoneSimulator.Build.0 = Release|Any CPU
		{B95C4D88-9823-4CF6-87E1-56AAE9621C09}.Release|x64.ActiveCfg = Release|Any CPU
		{B95C4D88-9823-4CF6-87E1-56AAE9621C09}.Release|x64.Build.0 = Release|Any CPU
		{B95C4D88-9823-4CF6-87E1-56AAE9621C09}.Release|x86.ActiveCfg = Release|Any CPU
		{B95C4D88-9823-4CF6-87E1-56AAE9621C09}.Release|x86.Build.0 = Release|Any CPU
	EndGlobalSection
	GlobalSection(SolutionProperties) = preSolution
		HideSolutionNode = FALSE
	EndGlobalSection
	GlobalSection(NestedProjects) = preSolution
		{5FCEE199-2582-4682-A71C-D06DA9AC830E} = {785A5977-181C-4524-A573-FE31811C2BC4}
		{C32E37EF-DD78-4468-9F87-E00CD28342F8} = {785A5977-181C-4524-A573-FE31811C2BC4}
		{D1FEB3BD-96AD-4106-BCA8-91C933C67F13} = {785A5977-181C-4524-A573-FE31811C2BC4}
		{8B7A1FC8-5803-4446-8CE8-2BC1CAA2EA4D} = {785A5977-181C-4524-A573-FE31811C2BC4}
		{FEFC50EC-DBDD-4309-B0FC-D1B37230ED74} = {785A5977-181C-4524-A573-FE31811C2BC4}
		{8C9EDEFF-BFCF-4C1E-B1B2-E2A89379EDFF} = {785A5977-181C-4524-A573-FE31811C2BC4}
		{62B13E89-7F65-4168-AA8C-BD2E1571CA07} = {785A5977-181C-4524-A573-FE31811C2BC4}
		{75D4987C-130B-43F0-A9EC-36971FDCD384} = {785A5977-181C-4524-A573-FE31811C2BC4}
		{DA07FE32-5024-4A1C-858D-2541FFCF2BAE} = {785A5977-181C-4524-A573-FE31811C2BC4}
	EndGlobalSection
	GlobalSection(ExtensibilityGlobals) = postSolution
		SolutionGuid = {59015D66-D574-4668-ACB6-6064DC61A9EF}
	EndGlobalSection
EndGlobal
